PODS:
  - Flutter (1.0.0)
  - gallery (0.0.1):
    - Flutter
  - speech_to_text (0.0.1):
    - Flutter
    - Try
  - Try (2.1.1)
  - url_launcher_ios (0.0.1):
    - Flutter

DEPENDENCIES:
  - Flutter (from `Flutter`)
  - gallery (from `.symlinks/plugins/gallery/ios`)
  - speech_to_text (from `.symlinks/plugins/speech_to_text/ios`)
  - url_launcher_ios (from `.symlinks/plugins/url_launcher_ios/ios`)

SPEC REPOS:
  trunk:
    - Try

EXTERNAL SOURCES:
  Flutter:
    :path: Flutter
  gallery:
    :path: ".symlinks/plugins/gallery/ios"
  speech_to_text:
    :path: ".symlinks/plugins/speech_to_text/ios"
  url_launcher_ios:
    :path: ".symlinks/plugins/url_launcher_ios/ios"

SPEC CHECKSUMS:
  Flutter: f04841e97a9d0b0a8025694d0796dd46242b2854
  gallery: 5351206a9f0a831c27aaf91301423444f9e23bb5
  speech_to_text: b43a7d99aef037bd758ed8e45d79bbac035d2dfe
  Try: 5ef669ae832617b3cee58cb2c6f99fb767a4ff96
  url_launcher_ios: 08a3dfac5fb39e8759aeb0abbd5d9480f30fc8b4

PODFILE CHECKSUM: 70d9d25280d0dd177a5f637cdb0f0b0b12c6a189

COCOAPODS: 1.12.1
